
Microsoft Visual Studio Solution File, Format Version 12.00
# Visual Studio Version 16
VisualStudioVersion = 16.0.31702.278
MinimumVisualStudioVersion = 10.0.40219.1
Project("{9A19103F-16F7-4668-BE54-9A1E7A4F7556}") = "VVPLab4.4", "VVPLab4.4\VVPLab4.4.csproj", "{6FA6914F-43FB-4CEC-834D-1B550A10127D}"
EndProject
Project("{9A19103F-16F7-4668-BE54-9A1E7A4F7556}") = "VVPLab4.2", "VVPLab4.2\VVPLab4.2.csproj", "{2BC20D11-6A83-4E5A-B88D-2B5D14E4F851}"
EndProject
Project("{9A19103F-16F7-4668-BE54-9A1E7A4F7556}") = "VVPLab4.1", "VVPLab4.1\VVPLab4.1.csproj", "{3ACC1304-9B14-4EE2-9D31-877B17C095A5}"
EndProject
Project("{FAE04EC0-301F-11D3-BF4B-00C04F79EFBC}") = "VVPLab4.5", "VVPLab4.5\VVPLab4.5.csproj", "{78215446-C38B-45EE-87BF-F69DB2FB9C60}"
EndProject
Project("{FAE04EC0-301F-11D3-BF4B-00C04F79EFBC}") = "VVPLab4.3", "VVPLab4.3\VVPLab4.3.csproj", "{1039425F-AD33-42AB-9347-86A8CD50431C}"
EndProject
Project("{FAE04EC0-301F-11D3-BF4B-00C04F79EFBC}") = "VVPLab5.1", "VVPLab5.1\VVPLab5.1.csproj", "{B85B653E-8E42-4C23-89D0-5D272314F3B3}"
EndProject
Project("{FAE04EC0-301F-11D3-BF4B-00C04F79EFBC}") = "VVPLab5.2", "VVPLab5.2\VVPLab5.2.csproj", "{9F4A7625-417C-47E0-9D04-0D3EA985C68E}"
EndProject
Project("{FAE04EC0-301F-11D3-BF4B-00C04F79EFBC}") = "VVPLab5.3", "VVPLab5.3\VVPLab5.3.csproj", "{34D3316C-FB42-41C2-9E49-E7AB319BF150}"
EndProject
Project("{FAE04EC0-301F-11D3-BF4B-00C04F79EFBC}") = "VVPLab5.5", "VVPLab5.5\VVPLab5.5.csproj", "{25E9E708-9845-4ABD-99A5-C4F7BE7BF312}"
EndProject
Project("{FAE04EC0-301F-11D3-BF4B-00C04F79EFBC}") = "VVPLab5.4", "VVPLab5.4\VVPLab5.4.csproj", "{A412A0A9-0AC7-4573-9CC7-DE68F71CB559}"
EndProject
Global
	GlobalSection(SolutionConfigurationPlatforms) = preSolution
		Debug|Any CPU = Debug|Any CPU
		Debug|x64 = Debug|x64
		Debug|x86 = Debug|x86
		Release|Any CPU = Release|Any CPU
		Release|x64 = Release|x64
		Release|x86 = Release|x86
	EndGlobalSection
	GlobalSection(ProjectConfigurationPlatforms) = postSolution
		{6FA6914F-43FB-4CEC-834D-1B550A10127D}.Debug|Any CPU.ActiveCfg = Debug|Any CPU
		{6FA6914F-43FB-4CEC-834D-1B550A10127D}.Debug|Any CPU.Build.0 = Debug|Any CPU
		{6FA6914F-43FB-4CEC-834D-1B550A10127D}.Debug|x64.ActiveCfg = Debug|Any CPU
		{6FA6914F-43FB-4CEC-834D-1B550A10127D}.Debug|x64.Build.0 = Debug|Any CPU
		{6FA6914F-43FB-4CEC-834D-1B550A10127D}.Debug|x86.ActiveCfg = Debug|Any CPU
		{6FA6914F-43FB-4CEC-834D-1B550A10127D}.Debug|x86.Build.0 = Debug|Any CPU
		{6FA6914F-43FB-4CEC-834D-1B550A10127D}.Release|Any CPU.ActiveCfg = Release|Any CPU
		{6FA6914F-43FB-4CEC-834D-1B550A10127D}.Release|Any CPU.Build.0 = Release|Any CPU
		{6FA6914F-43FB-4CEC-834D-1B550A10127D}.Release|x64.ActiveCfg = Release|Any CPU
		{6FA6914F-43FB-4CEC-834D-1B550A10127D}.Release|x64.Build.0 = Release|Any CPU
		{6FA6914F-43FB-4CEC-834D-1B550A10127D}.Release|x86.ActiveCfg = Release|Any CPU
		{6FA6914F-43FB-4CEC-834D-1B550A10127D}.Release|x86.Build.0 = Release|Any CPU
		{2BC20D11-6A83-4E5A-B88D-2B5D14E4F851}.Debug|Any CPU.ActiveCfg = Debug|Any CPU
		{2BC20D11-6A83-4E5A-B88D-2B5D14E4F851}.Debug|Any CPU.Build.0 = Debug|Any CPU
		{2BC20D11-6A83-4E5A-B88D-2B5D14E4F851}.Debug|x64.ActiveCfg = Debug|Any CPU
		{2BC20D11-6A83-4E5A-B88D-2B5D14E4F851}.Debug|x64.Build.0 = Debug|Any CPU
		{2BC20D11-6A83-4E5A-B88D-2B5D14E4F851}.Debug|x86.ActiveCfg = Debug|Any CPU
		{2BC20D11-6A83-4E5A-B88D-2B5D14E4F851}.Debug|x86.Build.0 = Debug|Any CPU
		{2BC20D11-6A83-4E5A-B88D-2B5D14E4F851}.Release|Any CPU.ActiveCfg = Release|Any CPU
		{2BC20D11-6A83-4E5A-B88D-2B5D14E4F851}.Release|Any CPU.Build.0 = Release|Any CPU
		{2BC20D11-6A83-4E5A-B88D-2B5D14E4F851}.Release|x64.ActiveCfg = Release|Any CPU
		{2BC20D11-6A83-4E5A-B88D-2B5D14E4F851}.Release|x64.Build.0 = Release|Any CPU
		{2BC20D11-6A83-4E5A-B88D-2B5D14E4F851}.Release|x86.ActiveCfg = Release|Any CPU
		{2BC20D11-6A83-4E5A-B88D-2B5D14E4F851}.Release|x86.Build.0 = Release|Any CPU
		{3ACC1304-9B14-4EE2-9D31-877B17C095A5}.Debug|Any CPU.ActiveCfg = Debug|Any CPU
		{3ACC1304-9B14-4EE2-9D31-877B17C095A5}.Debug|Any CPU.Build.0 = Debug|Any CPU
		{3ACC1304-9B14-4EE2-9D31-877B17C095A5}.Debug|x64.ActiveCfg = Debug|Any CPU
		{3ACC1304-9B14-4EE2-9D31-877B17C095A5}.Debug|x64.Build.0 = Debug|Any CPU
		{3ACC1304-9B14-4EE2-9D31-877B17C095A5}.Debug|x86.ActiveCfg = Debug|Any CPU
		{3ACC1304-9B14-4EE2-9D31-877B17C095A5}.Debug|x86.Build.0 = Debug|Any CPU
		{3ACC1304-9B14-4EE2-9D31-877B17C095A5}.Release|Any CPU.ActiveCfg = Release|Any CPU
		{3ACC1304-9B14-4EE2-9D31-877B17C095A5}.Release|Any CPU.Build.0 = Release|Any CPU
		{3ACC1304-9B14-4EE2-9D31-877B17C095A5}.Release|x64.ActiveCfg = Release|Any CPU
		{3ACC1304-9B14-4EE2-9D31-877B17C095A5}.Release|x64.Build.0 = Release|Any CPU
		{3ACC1304-9B14-4EE2-9D31-877B17C095A5}.Release|x86.ActiveCfg = Release|Any CPU
		{3ACC1304-9B14-4EE2-9D31-877B17C095A5}.Release|x86.Build.0 = Release|Any CPU
		{78215446-C38B-45EE-87BF-F69DB2FB9C60}.Debug|Any CPU.ActiveCfg = Debug|Any CPU
		{78215446-C38B-45EE-87BF-F69DB2FB9C60}.Debug|Any CPU.Build.0 = Debug|Any CPU
		{78215446-C38B-45EE-87BF-F69DB2FB9C60}.Debug|x64.ActiveCfg = Debug|Any CPU
		{78215446-C38B-45EE-87BF-F69DB2FB9C60}.Debug|x64.Build.0 = Debug|Any CPU
		{78215446-C38B-45EE-87BF-F69DB2FB9C60}.Debug|x86.ActiveCfg = Debug|Any CPU
		{78215446-C38B-45EE-87BF-F69DB2FB9C60}.Debug|x86.Build.0 = Debug|Any CPU
		{78215446-C38B-45EE-87BF-F69DB2FB9C60}.Release|Any CPU.ActiveCfg = Release|Any CPU
		{78215446-C38B-45EE-87BF-F69DB2FB9C60}.Release|Any CPU.Build.0 = Release|Any CPU
		{78215446-C38B-45EE-87BF-F69DB2FB9C60}.Release|x64.ActiveCfg = Release|Any CPU
		{78215446-C38B-45EE-87BF-F69DB2FB9C60}.Release|x64.Build.0 = Release|Any CPU
		{78215446-C38B-45EE-87BF-F69DB2FB9C60}.Release|x86.ActiveCfg = Release|Any CPU
		{78215446-C38B-45EE-87BF-F69DB2FB9C60}.Release|x86.Build.0 = Release|Any CPU
		{1039425F-AD33-42AB-9347-86A8CD50431C}.Debug|Any CPU.ActiveCfg = Debug|Any CPU
		{1039425F-AD33-42AB-9347-86A8CD50431C}.Debug|Any CPU.Build.0 = Debug|Any CPU
		{1039425F-AD33-42AB-9347-86A8CD50431C}.Debug|x64.ActiveCfg = Debug|Any CPU
		{1039425F-AD33-42AB-9347-86A8CD50431C}.Debug|x64.Build.0 = Debug|Any CPU
		{1039425F-AD33-42AB-9347-86A8CD50431C}.Debug|x86.ActiveCfg = Debug|Any CPU
		{1039425F-AD33-42AB-9347-86A8CD50431C}.Debug|x86.Build.0 = Debug|Any CPU
		{1039425F-AD33-42AB-9347-86A8CD50431C}.Release|Any CPU.ActiveCfg = Release|Any CPU
		{1039425F-AD33-42AB-9347-86A8CD50431C}.Release|Any CPU.Build.0 = Release|Any CPU
		{1039425F-AD33-42AB-9347-86A8CD50431C}.Release|x64.ActiveCfg = Release|Any CPU
		{1039425F-AD33-42AB-9347-86A8CD50431C}.Release|x64.Build.0 = Release|Any CPU
		{1039425F-AD33-42AB-9347-86A8CD50431C}.Release|x86.ActiveCfg = Release|Any CPU
		{1039425F-AD33-42AB-9347-86A8CD50431C}.Release|x86.Build.0 = Release|Any CPU
		{B85B653E-8E42-4C23-89D0-5D272314F3B3}.Debug|Any CPU.ActiveCfg = Debug|Any CPU
		{B85B653E-8E42-4C23-89D0-5D272314F3B3}.Debug|Any CPU.Build.0 = Debug|Any CPU
		{B85B653E-8E42-4C23-89D0-5D272314F3B3}.Debug|x64.ActiveCfg = Debug|Any CPU
		{B85B653E-8E42-4C23-89D0-5D272314F3B3}.Debug|x64.Build.0 = Debug|Any CPU
		{B85B653E-8E42-4C23-89D0-5D272314F3B3}.Debug|x86.ActiveCfg = Debug|Any CPU
		{B85B653E-8E42-4C23-89D0-5D272314F3B3}.Debug|x86.Build.0 = Debug|Any CPU
		{B85B653E-8E42-4C23-89D0-5D272314F3B3}.Release|Any CPU.ActiveCfg = Release|Any CPU
		{B85B653E-8E42-4C23-89D0-5D272314F3B3}.Release|Any CPU.Build.0 = Release|Any CPU
		{B85B653E-8E42-4C23-89D0-5D272314F3B3}.Release|x64.ActiveCfg = Release|Any CPU
		{B85B653E-8E42-4C23-89D0-5D272314F3B3}.Release|x64.Build.0 = Release|Any CPU
		{B85B653E-8E42-4C23-89D0-5D272314F3B3}.Release|x86.ActiveCfg = Release|Any CPU
		{B85B653E-8E42-4C23-89D0-5D272314F3B3}.Release|x86.Build.0 = Release|Any CPU
		{9F4A7625-417C-47E0-9D04-0D3EA985C68E}.Debug|Any CPU.ActiveCfg = Debug|Any CPU
		{9F4A7625-417C-47E0-9D04-0D3EA985C68E}.Debug|Any CPU.Build.0 = Debug|Any CPU
		{9F4A7625-417C-47E0-9D04-0D3EA985C68E}.Debug|x64.ActiveCfg = Debug|Any CPU
		{9F4A7625-417C-47E0-9D04-0D3EA985C68E}.Debug|x64.Build.0 = Debug|Any CPU
		{9F4A7625-417C-47E0-9D04-0D3EA985C68E}.Debug|x86.ActiveCfg = Debug|Any CPU
		{9F4A7625-417C-47E0-9D04-0D3EA985C68E}.Debug|x86.Build.0 = Debug|Any CPU
		{9F4A7625-417C-47E0-9D04-0D3EA985C68E}.Release|Any CPU.ActiveCfg = Release|Any CPU
		{9F4A7625-417C-47E0-9D04-0D3EA985C68E}.Release|Any CPU.Build.0 = Release|Any CPU
		{9F4A7625-417C-47E0-9D04-0D3EA985C68E}.Release|x64.ActiveCfg = Release|Any CPU
		{9F4A7625-417C-47E0-9D04-0D3EA985C68E}.Release|x64.Build.0 = Release|Any CPU
		{9F4A7625-417C-47E0-9D04-0D3EA985C68E}.Release|x86.ActiveCfg = Release|Any CPU
		{9F4A7625-417C-47E0-9D04-0D3EA985C68E}.Release|x86.Build.0 = Release|Any CPU
		{34D3316C-FB42-41C2-9E49-E7AB319BF150}.Debug|Any CPU.ActiveCfg = Debug|Any CPU
		{34D3316C-FB42-41C2-9E49-E7AB319BF150}.Debug|Any CPU.Build.0 = Debug|Any CPU
		{34D3316C-FB42-41C2-9E49-E7AB319BF150}.Debug|x64.ActiveCfg = Debug|Any CPU
		{34D3316C-FB42-41C2-9E49-E7AB319BF150}.Debug|x64.Build.0 = Debug|Any CPU
		{34D3316C-FB42-41C2-9E49-E7AB319BF150}.Debug|x86.ActiveCfg = Debug|Any CPU
		{34D3316C-FB42-41C2-9E49-E7AB319BF150}.Debug|x86.Build.0 = Debug|Any CPU
		{34D3316C-FB42-41C2-9E49-E7AB319BF150}.Release|Any CPU.ActiveCfg = Release|Any CPU
		{34D3316C-FB42-41C2-9E49-E7AB319BF150}.Release|Any CPU.Build.0 = Release|Any CPU
		{34D3316C-FB42-41C2-9E49-E7AB319BF150}.Release|x64.ActiveCfg = Release|Any CPU
		{34D3316C-FB42-41C2-9E49-E7AB319BF150}.Release|x64.Build.0 = Release|Any CPU
		{34D3316C-FB42-41C2-9E49-E7AB319BF150}.Release|x86.ActiveCfg = Release|Any CPU
		{34D3316C-FB42-41C2-9E49-E7AB319BF150}.Release|x86.Build.0 = Release|Any CPU
		{25E9E708-9845-4ABD-99A5-C4F7BE7BF312}.Debug|Any CPU.ActiveCfg = Debug|Any CPU
		{25E9E708-9845-4ABD-99A5-C4F7BE7BF312}.Debug|Any CPU.Build.0 = Debug|Any CPU
		{25E9E708-9845-4ABD-99A5-C4F7BE7BF312}.Debug|x64.ActiveCfg = Debug|Any CPU
		{25E9E708-9845-4ABD-99A5-C4F7BE7BF312}.Debug|x64.Build.0 = Debug|Any CPU
		{25E9E708-9845-4ABD-99A5-C4F7BE7BF312}.Debug|x86.ActiveCfg = Debug|Any CPU
		{25E9E708-9845-4ABD-99A5-C4F7BE7BF312}.Debug|x86.Build.0 = Debug|Any CPU
		{25E9E708-9845-4ABD-99A5-C4F7BE7BF312}.Release|Any CPU.ActiveCfg = Release|Any CPU
		{25E9E708-9845-4ABD-99A5-C4F7BE7BF312}.Release|Any CPU.Build.0 = Release|Any CPU
		{25E9E708-9845-4ABD-99A5-C4F7BE7BF312}.Release|x64.ActiveCfg = Release|Any CPU
		{25E9E708-9845-4ABD-99A5-C4F7BE7BF312}.Release|x64.Build.0 = Release|Any CPU
		{25E9E708-9845-4ABD-99A5-C4F7BE7BF312}.Release|x86.ActiveCfg = Release|Any CPU
		{25E9E708-9845-4ABD-99A5-C4F7BE7BF312}.Release|x86.Build.0 = Release|Any CPU
		{A412A0A9-0AC7-4573-9CC7-DE68F71CB559}.Debug|Any CPU.ActiveCfg = Debug|Any CPU
		{A412A0A9-0AC7-4573-9CC7-DE68F71CB559}.Debug|Any CPU.Build.0 = Debug|Any CPU
		{A412A0A9-0AC7-4573-9CC7-DE68F71CB559}.Debug|x64.ActiveCfg = Debug|Any CPU
		{A412A0A9-0AC7-4573-9CC7-DE68F71CB559}.Debug|x64.Build.0 = Debug|Any CPU
		{A412A0A9-0AC7-4573-9CC7-DE68F71CB559}.Debug|x86.ActiveCfg = Debug|Any CPU
		{A412A0A9-0AC7-4573-9CC7-DE68F71CB559}.Debug|x86.Build.0 = Debug|Any CPU
		{A412A0A9-0AC7-4573-9CC7-DE68F71CB559}.Release|Any CPU.ActiveCfg = Release|Any CPU
		{A412A0A9-0AC7-4573-9CC7-DE68F71CB559}.Release|Any CPU.Build.0 = Release|Any CPU
		{A412A0A9-0AC7-4573-9CC7-DE68F71CB559}.Release|x64.ActiveCfg = Release|Any CPU
		{A412A0A9-0AC7-4573-9CC7-DE68F71CB559}.Release|x64.Build.0 = Release|Any CPU
		{A412A0A9-0AC7-4573-9CC7-DE68F71CB559}.Release|x86.ActiveCfg = Release|Any CPU
		{A412A0A9-0AC7-4573-9CC7-DE68F71CB559}.Release|x86.Build.0 = Release|Any CPU
	EndGlobalSection
	GlobalSection(SolutionProperties) = preSolution
		HideSolutionNode = FALSE
	EndGlobalSection
	GlobalSection(ExtensibilityGlobals) = postSolution
		SolutionGuid = {54FD8FA2-0E17-40AA-9F59-1C72A26EA780}
	EndGlobalSection
EndGlobal
